
Microsoft Visual Studio Solution File, Format Version 12.00
# Visual Studio 15
VisualStudioVersion = 15.0.26124.0
MinimumVisualStudioVersion = 15.0.26124.0
Project("{9A19103F-16F7-4668-BE54-9A1E7A4F7556}") = "Galvarino.Web", "Galvarino.Web\Galvarino.Web.csproj", "{8CB95ABA-273F-42EE-B140-7F857F0FF83E}"
EndProject
Project("{2150E333-8FDC-42A3-9474-1A3956D46DE8}") = "src", "src", "{C6E1D4E1-CAE5-413A-ACA1-B324AE6B403B}"
EndProject
Project("{2150E333-8FDC-42A3-9474-1A3956D46DE8}") = "app", "app", "{A58BC5C8-92BA-4AD7-94C8-5A8821D4414E}"
EndProject
Project("{2150E333-8FDC-42A3-9474-1A3956D46DE8}") = "Workers", "Workers", "{F76F0602-A87E-490F-8A6A-F0CEE9BB8E56}"
EndProject
Project("{FAE04EC0-301F-11D3-BF4B-00C04F79EFBC}") = "Galvarino.Workers", "Galvarino.Workers\Galvarino.Workers.csproj", "{5C2FB42E-FCC3-40ED-8CE8-6057245494D5}"
EndProject
Global
	GlobalSection(SolutionConfigurationPlatforms) = preSolution
		Debug|Any CPU = Debug|Any CPU
		Debug|x64 = Debug|x64
		Debug|x86 = Debug|x86
		Release|Any CPU = Release|Any CPU
		Release|x64 = Release|x64
		Release|x86 = Release|x86
	EndGlobalSection
	GlobalSection(ProjectConfigurationPlatforms) = postSolution
		{8CB95ABA-273F-42EE-B140-7F857F0FF83E}.Debug|Any CPU.ActiveCfg = Debug|Any CPU
		{8CB95ABA-273F-42EE-B140-7F857F0FF83E}.Debug|Any CPU.Build.0 = Debug|Any CPU
		{8CB95ABA-273F-42EE-B140-7F857F0FF83E}.Debug|x64.ActiveCfg = Debug|Any CPU
		{8CB95ABA-273F-42EE-B140-7F857F0FF83E}.Debug|x64.Build.0 = Debug|Any CPU
		{8CB95ABA-273F-42EE-B140-7F857F0FF83E}.Debug|x86.ActiveCfg = Debug|Any CPU
		{8CB95ABA-273F-42EE-B140-7F857F0FF83E}.Debug|x86.Build.0 = Debug|Any CPU
		{8CB95ABA-273F-42EE-B140-7F857F0FF83E}.Release|Any CPU.ActiveCfg = Release|Any CPU
		{8CB95ABA-273F-42EE-B140-7F857F0FF83E}.Release|Any CPU.Build.0 = Release|Any CPU
		{8CB95ABA-273F-42EE-B140-7F857F0FF83E}.Release|x64.ActiveCfg = Release|Any CPU
		{8CB95ABA-273F-42EE-B140-7F857F0FF83E}.Release|x64.Build.0 = Release|Any CPU
		{8CB95ABA-273F-42EE-B140-7F857F0FF83E}.Release|x86.ActiveCfg = Release|Any CPU
		{8CB95ABA-273F-42EE-B140-7F857F0FF83E}.Release|x86.Build.0 = Release|Any CPU
		{5C2FB42E-FCC3-40ED-8CE8-6057245494D5}.Debug|Any CPU.ActiveCfg = Debug|Any CPU
		{5C2FB42E-FCC3-40ED-8CE8-6057245494D5}.Debug|Any CPU.Build.0 = Debug|Any CPU
		{5C2FB42E-FCC3-40ED-8CE8-6057245494D5}.Debug|x64.ActiveCfg = Debug|Any CPU
		{5C2FB42E-FCC3-40ED-8CE8-6057245494D5}.Debug|x64.Build.0 = Debug|Any CPU
		{5C2FB42E-FCC3-40ED-8CE8-6057245494D5}.Debug|x86.ActiveCfg = Debug|Any CPU
		{5C2FB42E-FCC3-40ED-8CE8-6057245494D5}.Debug|x86.Build.0 = Debug|Any CPU
		{5C2FB42E-FCC3-40ED-8CE8-6057245494D5}.Release|Any CPU.ActiveCfg = Release|Any CPU
		{5C2FB42E-FCC3-40ED-8CE8-6057245494D5}.Release|Any CPU.Build.0 = Release|Any CPU
		{5C2FB42E-FCC3-40ED-8CE8-6057245494D5}.Release|x64.ActiveCfg = Release|Any CPU
		{5C2FB42E-FCC3-40ED-8CE8-6057245494D5}.Release|x64.Build.0 = Release|Any CPU
		{5C2FB42E-FCC3-40ED-8CE8-6057245494D5}.Release|x86.ActiveCfg = Release|Any CPU
		{5C2FB42E-FCC3-40ED-8CE8-6057245494D5}.Release|x86.Build.0 = Release|Any CPU
	EndGlobalSection
	GlobalSection(SolutionProperties) = preSolution
		HideSolutionNode = FALSE
	EndGlobalSection
	GlobalSection(NestedProjects) = preSolution
		{8CB95ABA-273F-42EE-B140-7F857F0FF83E} = {A58BC5C8-92BA-4AD7-94C8-5A8821D4414E}
		{A58BC5C8-92BA-4AD7-94C8-5A8821D4414E} = {C6E1D4E1-CAE5-413A-ACA1-B324AE6B403B}
		{F76F0602-A87E-490F-8A6A-F0CEE9BB8E56} = {C6E1D4E1-CAE5-413A-ACA1-B324AE6B403B}
		{5C2FB42E-FCC3-40ED-8CE8-6057245494D5} = {F76F0602-A87E-490F-8A6A-F0CEE9BB8E56}
	EndGlobalSection
	GlobalSection(ExtensibilityGlobals) = postSolution
		SolutionGuid = {AFA1362C-EB9A-428B-AA3C-01DD7A6B01FE}
	EndGlobalSection
EndGlobal
