
Microsoft Visual Studio Solution File, Format Version 12.00
# Visual Studio 15
VisualStudioVersion = 15.0.26124.0
MinimumVisualStudioVersion = 15.0.26124.0
Project("{FAE04EC0-301F-11D3-BF4B-00C04F79EFBC}") = "Galvarino.Web", "Galvarino.Web\Galvarino.Web.csproj", "{8CB95ABA-273F-42EE-B140-7F857F0FF83E}"
EndProject
Project("{FAE04EC0-301F-11D3-BF4B-00C04F79EFBC}") = "Galvarino.Test", "Galvarino.Test\Galvarino.Test.csproj", "{E789221D-A89F-470D-B58F-3EFF28BC1478}"
EndProject
Global
	GlobalSection(SolutionConfigurationPlatforms) = preSolution
		Debug|Any CPU = Debug|Any CPU
		Debug|BNB = Debug|Any CPU
		Debug|x64 = Debug|x64
		Debug|x86 = Debug|x86
		Release|Any CPU = Release|Any CPU
		Release|BNB = Release|Any CPU
		Release|x64 = Release|x64
		Release|x86 = Release|x86
	EndGlobalSection
	GlobalSection(SolutionProperties) = preSolution
		HideSolutionNode = FALSE
	EndGlobalSection
	GlobalSection(ProjectConfigurationPlatforms) = postSolution
		{8CB95ABA-273F-42EE-B140-7F857F0FF83E}.Debug|Any CPU.ActiveCfg = Debug|Any CPU
		{8CB95ABA-273F-42EE-B140-7F857F0FF83E}.Debug|Any CPU.Build.0 = Debug|Any CPU
		{8CB95ABA-273F-42EE-B140-7F857F0FF83E}.Debug|BNB.ActiveCfg = Debug|Any CPU
		{8CB95ABA-273F-42EE-B140-7F857F0FF83E}.Debug|BNB.Build.0 = Debug|Any CPU
		{8CB95ABA-273F-42EE-B140-7F857F0FF83E}.Debug|x64.ActiveCfg = Debug|Any CPU
		{8CB95ABA-273F-42EE-B140-7F857F0FF83E}.Debug|x64.Build.0 = Debug|Any CPU
		{8CB95ABA-273F-42EE-B140-7F857F0FF83E}.Debug|x86.ActiveCfg = Debug|Any CPU
		{8CB95ABA-273F-42EE-B140-7F857F0FF83E}.Debug|x86.Build.0 = Debug|Any CPU
		{8CB95ABA-273F-42EE-B140-7F857F0FF83E}.Release|Any CPU.ActiveCfg = Release|Any CPU
		{8CB95ABA-273F-42EE-B140-7F857F0FF83E}.Release|Any CPU.Build.0 = Release|Any CPU
		{8CB95ABA-273F-42EE-B140-7F857F0FF83E}.Release|x64.ActiveCfg = Release|Any CPU
		{8CB95ABA-273F-42EE-B140-7F857F0FF83E}.Release|x64.Build.0 = Release|Any CPU
		{8CB95ABA-273F-42EE-B140-7F857F0FF83E}.Release|x86.ActiveCfg = Release|Any CPU
		{8CB95ABA-273F-42EE-B140-7F857F0FF83E}.Release|x86.Build.0 = Release|Any CPU
		{E789221D-A89F-470D-B58F-3EFF28BC1478}.Debug|Any CPU.ActiveCfg = Debug|Any CPU
		{E789221D-A89F-470D-B58F-3EFF28BC1478}.Debug|Any CPU.Build.0 = Debug|Any CPU
		{E789221D-A89F-470D-B58F-3EFF28BC1478}.Debug|BNB.ActiveCfg = Debug|Any CPU
		{E789221D-A89F-470D-B58F-3EFF28BC1478}.Debug|BNB.Build.0 = Debug|Any CPU
		{E789221D-A89F-470D-B58F-3EFF28BC1478}.Debug|x64.ActiveCfg = Debug|Any CPU
		{E789221D-A89F-470D-B58F-3EFF28BC1478}.Debug|x64.Build.0 = Debug|Any CPU
		{E789221D-A89F-470D-B58F-3EFF28BC1478}.Debug|x86.ActiveCfg = Debug|Any CPU
		{E789221D-A89F-470D-B58F-3EFF28BC1478}.Debug|x86.Build.0 = Debug|Any CPU
		{E789221D-A89F-470D-B58F-3EFF28BC1478}.Release|Any CPU.ActiveCfg = Release|Any CPU
		{E789221D-A89F-470D-B58F-3EFF28BC1478}.Release|Any CPU.Build.0 = Release|Any CPU
		{E789221D-A89F-470D-B58F-3EFF28BC1478}.Release|x64.ActiveCfg = Release|Any CPU
		{E789221D-A89F-470D-B58F-3EFF28BC1478}.Release|x64.Build.0 = Release|Any CPU
		{E789221D-A89F-470D-B58F-3EFF28BC1478}.Release|x86.ActiveCfg = Release|Any CPU
		{E789221D-A89F-470D-B58F-3EFF28BC1478}.Release|x86.Build.0 = Release|Any CPU
	EndGlobalSection
EndGlobal
